// !$*UTF8*$!
{
	archiveVersion = 1;
	classes = {
	};
	objectVersion = 50;
	objects = {

/* Begin PBXBuildFile section */
		559B66C42254648A00B2EE1A /* AppDelegate.m in Sources */ = {isa = PBXBuildFile; fileRef = 559B66C32254648A00B2EE1A /* AppDelegate.m */; };
		559B66C72254648A00B2EE1A /* ViewController.m in Sources */ = {isa = PBXBuildFile; fileRef = 559B66C62254648A00B2EE1A /* ViewController.m */; };
		559B66CA2254648A00B2EE1A /* Main.storyboard in Resources */ = {isa = PBXBuildFile; fileRef = 559B66C82254648A00B2EE1A /* Main.storyboard */; };
		559B66CC2254648B00B2EE1A /* Assets.xcassets in Resources */ = {isa = PBXBuildFile; fileRef = 559B66CB2254648B00B2EE1A /* Assets.xcassets */; };
		559B66CF2254648B00B2EE1A /* LaunchScreen.storyboard in Resources */ = {isa = PBXBuildFile; fileRef = 559B66CD2254648B00B2EE1A /* LaunchScreen.storyboard */; };
		559B66D22254648B00B2EE1A /* main.m in Sources */ = {isa = PBXBuildFile; fileRef = 559B66D12254648B00B2EE1A /* main.m */; };
		559B66DC2254648B00B2EE1A /* LevelStorageTests.m in Sources */ = {isa = PBXBuildFile; fileRef = 559B66DB2254648B00B2EE1A /* LevelStorageTests.m */; };
		559B66E72254648B00B2EE1A /* LevelStorageUITests.m in Sources */ = {isa = PBXBuildFile; fileRef = 559B66E62254648B00B2EE1A /* LevelStorageUITests.m */; };
		559B66FF2254652900B2EE1A /* LevelObject.m in Sources */ = {isa = PBXBuildFile; fileRef = 559B66F62254652900B2EE1A /* LevelObject.m */; };
		559B67002254652900B2EE1A /* LevelStorage.m in Sources */ = {isa = PBXBuildFile; fileRef = 559B66F72254652900B2EE1A /* LevelStorage.m */; };
		559B67012254652900B2EE1A /* LevelKV.mm in Sources */ = {isa = PBXBuildFile; fileRef = 559B66F82254652900B2EE1A /* LevelKV.mm */; };
		559B67022254652900B2EE1A /* LevelDB.mm in Sources */ = {isa = PBXBuildFile; fileRef = 559B66FA2254652900B2EE1A /* LevelDB.mm */; };
		559B67032254652900B2EE1A /* LevelKV+JSON.m in Sources */ = {isa = PBXBuildFile; fileRef = 559B66FD2254652900B2EE1A /* LevelKV+JSON.m */; };
		559B6724225474AB00B2EE1A /* PBCoder.mm in Sources */ = {isa = PBXBuildFile; fileRef = 559B6718225474AB00B2EE1A /* PBCoder.mm */; };
		559B6725225474AB00B2EE1A /* CodedInputData.mm in Sources */ = {isa = PBXBuildFile; fileRef = 559B6720225474AB00B2EE1A /* CodedInputData.mm */; };
		559B6726225474AB00B2EE1A /* CodedOutputData.mm in Sources */ = {isa = PBXBuildFile; fileRef = 559B6722225474AB00B2EE1A /* CodedOutputData.mm */; };
		559B6727225474AB00B2EE1A /* PBUtility.mm in Sources */ = {isa = PBXBuildFile; fileRef = 559B6723225474AB00B2EE1A /* PBUtility.mm */; };
		A2AF5C35E24EC5A937599BC6 /* libPods-LevelStorage.a in Frameworks */ = {isa = PBXBuildFile; fileRef = 33077D3BF056B5E192488BED /* libPods-LevelStorage.a */; };
/* End PBXBuildFile section */

/* Begin PBXContainerItemProxy section */
		559B66D82254648B00B2EE1A /* PBXContainerItemProxy */ = {
			isa = PBXContainerItemProxy;
			containerPortal = 559B66B72254648A00B2EE1A /* Project object */;
			proxyType = 1;
			remoteGlobalIDString = 559B66BE2254648A00B2EE1A;
			remoteInfo = LevelStorage;
		};
		559B66E32254648B00B2EE1A /* PBXContainerItemProxy */ = {
			isa = PBXContainerItemProxy;
			containerPortal = 559B66B72254648A00B2EE1A /* Project object */;
			proxyType = 1;
			remoteGlobalIDString = 559B66BE2254648A00B2EE1A;
			remoteInfo = LevelStorage;
		};
/* End PBXContainerItemProxy section */

/* Begin PBXFileReference section */
		33077D3BF056B5E192488BED /* libPods-LevelStorage.a */ = {isa = PBXFileReference; explicitFileType = archive.ar; includeInIndex = 0; path = "libPods-LevelStorage.a"; sourceTree = BUILT_PRODUCTS_DIR; };
		559B66BF2254648A00B2EE1A /* LevelStorage.app */ = {isa = PBXFileReference; explicitFileType = wrapper.application; includeInIndex = 0; path = LevelStorage.app; sourceTree = BUILT_PRODUCTS_DIR; };
		559B66C22254648A00B2EE1A /* AppDelegate.h */ = {isa = PBXFileReference; lastKnownFileType = sourcecode.c.h; path = AppDelegate.h; sourceTree = "<group>"; };
		559B66C32254648A00B2EE1A /* AppDelegate.m */ = {isa = PBXFileReference; lastKnownFileType = sourcecode.c.objc; path = AppDelegate.m; sourceTree = "<group>"; };
		559B66C52254648A00B2EE1A /* ViewController.h */ = {isa = PBXFileReference; lastKnownFileType = sourcecode.c.h; path = ViewController.h; sourceTree = "<group>"; };
		559B66C62254648A00B2EE1A /* ViewController.m */ = {isa = PBXFileReference; lastKnownFileType = sourcecode.c.objc; path = ViewController.m; sourceTree = "<group>"; };
		559B66C92254648A00B2EE1A /* Base */ = {isa = PBXFileReference; lastKnownFileType = file.storyboard; name = Base; path = Base.lproj/Main.storyboard; sourceTree = "<group>"; };
		559B66CB2254648B00B2EE1A /* Assets.xcassets */ = {isa = PBXFileReference; lastKnownFileType = folder.assetcatalog; path = Assets.xcassets; sourceTree = "<group>"; };
		559B66CE2254648B00B2EE1A /* Base */ = {isa = PBXFileReference; lastKnownFileType = file.storyboard; name = Base; path = Base.lproj/LaunchScreen.storyboard; sourceTree = "<group>"; };
		559B66D02254648B00B2EE1A /* Info.plist */ = {isa = PBXFileReference; lastKnownFileType = text.plist.xml; path = Info.plist; sourceTree = "<group>"; };
		559B66D12254648B00B2EE1A /* main.m */ = {isa = PBXFileReference; lastKnownFileType = sourcecode.c.objc; path = main.m; sourceTree = "<group>"; };
		559B66D72254648B00B2EE1A /* LevelStorageTests.xctest */ = {isa = PBXFileReference; explicitFileType = wrapper.cfbundle; includeInIndex = 0; path = LevelStorageTests.xctest; sourceTree = BUILT_PRODUCTS_DIR; };
		559B66DB2254648B00B2EE1A /* LevelStorageTests.m */ = {isa = PBXFileReference; lastKnownFileType = sourcecode.c.objc; path = LevelStorageTests.m; sourceTree = "<group>"; };
		559B66DD2254648B00B2EE1A /* Info.plist */ = {isa = PBXFileReference; lastKnownFileType = text.plist.xml; path = Info.plist; sourceTree = "<group>"; };
		559B66E22254648B00B2EE1A /* LevelStorageUITests.xctest */ = {isa = PBXFileReference; explicitFileType = wrapper.cfbundle; includeInIndex = 0; path = LevelStorageUITests.xctest; sourceTree = BUILT_PRODUCTS_DIR; };
		559B66E62254648B00B2EE1A /* LevelStorageUITests.m */ = {isa = PBXFileReference; lastKnownFileType = sourcecode.c.objc; path = LevelStorageUITests.m; sourceTree = "<group>"; };
		559B66E82254648B00B2EE1A /* Info.plist */ = {isa = PBXFileReference; lastKnownFileType = text.plist.xml; path = Info.plist; sourceTree = "<group>"; };
		559B66F52254652900B2EE1A /* LevelKV+JSON.h */ = {isa = PBXFileReference; fileEncoding = 4; lastKnownFileType = sourcecode.c.h; path = "LevelKV+JSON.h"; sourceTree = "<group>"; };
		559B66F62254652900B2EE1A /* LevelObject.m */ = {isa = PBXFileReference; fileEncoding = 4; lastKnownFileType = sourcecode.c.objc; path = LevelObject.m; sourceTree = "<group>"; };
		559B66F72254652900B2EE1A /* LevelStorage.m */ = {isa = PBXFileReference; fileEncoding = 4; lastKnownFileType = sourcecode.c.objc; path = LevelStorage.m; sourceTree = "<group>"; };
		559B66F82254652900B2EE1A /* LevelKV.mm */ = {isa = PBXFileReference; fileEncoding = 4; lastKnownFileType = sourcecode.cpp.objcpp; path = LevelKV.mm; sourceTree = "<group>"; };
		559B66F92254652900B2EE1A /* LevelKV.h */ = {isa = PBXFileReference; fileEncoding = 4; lastKnownFileType = sourcecode.c.h; path = LevelKV.h; sourceTree = "<group>"; };
		559B66FA2254652900B2EE1A /* LevelDB.mm */ = {isa = PBXFileReference; fileEncoding = 4; lastKnownFileType = sourcecode.cpp.objcpp; path = LevelDB.mm; sourceTree = "<group>"; };
		559B66FB2254652900B2EE1A /* LevelObject.h */ = {isa = PBXFileReference; fileEncoding = 4; lastKnownFileType = sourcecode.c.h; path = LevelObject.h; sourceTree = "<group>"; };
		559B66FC2254652900B2EE1A /* LevelDB.h */ = {isa = PBXFileReference; fileEncoding = 4; lastKnownFileType = sourcecode.c.h; path = LevelDB.h; sourceTree = "<group>"; };
		559B66FD2254652900B2EE1A /* LevelKV+JSON.m */ = {isa = PBXFileReference; fileEncoding = 4; lastKnownFileType = sourcecode.c.objc; path = "LevelKV+JSON.m"; sourceTree = "<group>"; };
		559B66FE2254652900B2EE1A /* LevelStorage.h */ = {isa = PBXFileReference; fileEncoding = 4; lastKnownFileType = sourcecode.c.h; path = LevelStorage.h; sourceTree = "<group>"; };
		559B671522546FFF00B2EE1A /* libc++.tbd */ = {isa = PBXFileReference; lastKnownFileType = "sourcecode.text-based-dylib-definition"; name = "libc++.tbd"; path = "usr/lib/libc++.tbd"; sourceTree = SDKROOT; };
		559B6718225474AB00B2EE1A /* PBCoder.mm */ = {isa = PBXFileReference; fileEncoding = 4; lastKnownFileType = sourcecode.cpp.objcpp; path = PBCoder.mm; sourceTree = "<group>"; };
		559B6719225474AB00B2EE1A /* CodedOutputData.h */ = {isa = PBXFileReference; fileEncoding = 4; lastKnownFileType = sourcecode.c.h; path = CodedOutputData.h; sourceTree = "<group>"; };
		559B671A225474AB00B2EE1A /* CodedInputData.h */ = {isa = PBXFileReference; fileEncoding = 4; lastKnownFileType = sourcecode.c.h; path = CodedInputData.h; sourceTree = "<group>"; };
		559B671B225474AB00B2EE1A /* PBEncodeItem.h */ = {isa = PBXFileReference; fileEncoding = 4; lastKnownFileType = sourcecode.c.h; path = PBEncodeItem.h; sourceTree = "<group>"; };
		559B671C225474AB00B2EE1A /* WireFormat.h */ = {isa = PBXFileReference; fileEncoding = 4; lastKnownFileType = sourcecode.c.h; path = WireFormat.h; sourceTree = "<group>"; };
		559B671D225474AB00B2EE1A /* PBCoder.h */ = {isa = PBXFileReference; fileEncoding = 4; lastKnownFileType = sourcecode.c.h; path = PBCoder.h; sourceTree = "<group>"; };
		559B671E225474AB00B2EE1A /* PBUtility.h */ = {isa = PBXFileReference; fileEncoding = 4; lastKnownFileType = sourcecode.c.h; path = PBUtility.h; sourceTree = "<group>"; };
		559B671F225474AB00B2EE1A /* PBCoderTypeTrait.h */ = {isa = PBXFileReference; fileEncoding = 4; lastKnownFileType = sourcecode.c.h; path = PBCoderTypeTrait.h; sourceTree = "<group>"; };
		559B6720225474AB00B2EE1A /* CodedInputData.mm */ = {isa = PBXFileReference; fileEncoding = 4; lastKnownFileType = sourcecode.cpp.objcpp; path = CodedInputData.mm; sourceTree = "<group>"; };
		559B6721225474AB00B2EE1A /* PBCoder+PropertyTable.h */ = {isa = PBXFileReference; fileEncoding = 4; lastKnownFileType = sourcecode.c.h; path = "PBCoder+PropertyTable.h"; sourceTree = "<group>"; };
		559B6722225474AB00B2EE1A /* CodedOutputData.mm */ = {isa = PBXFileReference; fileEncoding = 4; lastKnownFileType = sourcecode.cpp.objcpp; path = CodedOutputData.mm; sourceTree = "<group>"; };
		559B6723225474AB00B2EE1A /* PBUtility.mm */ = {isa = PBXFileReference; fileEncoding = 4; lastKnownFileType = sourcecode.cpp.objcpp; path = PBUtility.mm; sourceTree = "<group>"; };
		62844E3B76A9E23FDE214A96 /* Pods-LevelStorage.debug.xcconfig */ = {isa = PBXFileReference; includeInIndex = 1; lastKnownFileType = text.xcconfig; name = "Pods-LevelStorage.debug.xcconfig"; path = "Target Support Files/Pods-LevelStorage/Pods-LevelStorage.debug.xcconfig"; sourceTree = "<group>"; };
		F9E32FC63FD7A18F4FB9802E /* Pods-LevelStorage.release.xcconfig */ = {isa = PBXFileReference; includeInIndex = 1; lastKnownFileType = text.xcconfig; name = "Pods-LevelStorage.release.xcconfig"; path = "Target Support Files/Pods-LevelStorage/Pods-LevelStorage.release.xcconfig"; sourceTree = "<group>"; };
/* End PBXFileReference section */

/* Begin PBXFrameworksBuildPhase section */
		559B66BC2254648A00B2EE1A /* Frameworks */ = {
			isa = PBXFrameworksBuildPhase;
			buildActionMask = 2147483647;
			files = (
				A2AF5C35E24EC5A937599BC6 /* libPods-LevelStorage.a in Frameworks */,
			);
			runOnlyForDeploymentPostprocessing = 0;
		};
		559B66D42254648B00B2EE1A /* Frameworks */ = {
			isa = PBXFrameworksBuildPhase;
			buildActionMask = 2147483647;
			files = (
			);
			runOnlyForDeploymentPostprocessing = 0;
		};
		559B66DF2254648B00B2EE1A /* Frameworks */ = {
			isa = PBXFrameworksBuildPhase;
			buildActionMask = 2147483647;
			files = (
			);
			runOnlyForDeploymentPostprocessing = 0;
		};
/* End PBXFrameworksBuildPhase section */

/* Begin PBXGroup section */
		355C9AA756EAC031C97CC234 /* Pods */ = {
			isa = PBXGroup;
			children = (
				62844E3B76A9E23FDE214A96 /* Pods-LevelStorage.debug.xcconfig */,
				F9E32FC63FD7A18F4FB9802E /* Pods-LevelStorage.release.xcconfig */,
			);
			path = Pods;
			sourceTree = "<group>";
		};
		559B66B62254648A00B2EE1A = {
			isa = PBXGroup;
			children = (
				559B66C12254648A00B2EE1A /* LevelStorage */,
				559B66DA2254648B00B2EE1A /* LevelStorageTests */,
				559B66E52254648B00B2EE1A /* LevelStorageUITests */,
				559B66C02254648A00B2EE1A /* Products */,
				355C9AA756EAC031C97CC234 /* Pods */,
				E5618317C4DD182873BC4248 /* Frameworks */,
			);
			sourceTree = "<group>";
		};
		559B66C02254648A00B2EE1A /* Products */ = {
			isa = PBXGroup;
			children = (
				559B66BF2254648A00B2EE1A /* LevelStorage.app */,
				559B66D72254648B00B2EE1A /* LevelStorageTests.xctest */,
				559B66E22254648B00B2EE1A /* LevelStorageUITests.xctest */,
			);
			name = Products;
			sourceTree = "<group>";
		};
		559B66C12254648A00B2EE1A /* LevelStorage */ = {
			isa = PBXGroup;
			children = (
				559B6717225474AB00B2EE1A /* PBCoding */,
				559B66F42254652900B2EE1A /* LevelStorage */,
				559B66C22254648A00B2EE1A /* AppDelegate.h */,
				559B66C32254648A00B2EE1A /* AppDelegate.m */,
				559B66C52254648A00B2EE1A /* ViewController.h */,
				559B66C62254648A00B2EE1A /* ViewController.m */,
				559B66C82254648A00B2EE1A /* Main.storyboard */,
				559B66CB2254648B00B2EE1A /* Assets.xcassets */,
				559B66CD2254648B00B2EE1A /* LaunchScreen.storyboard */,
				559B66D02254648B00B2EE1A /* Info.plist */,
				559B66D12254648B00B2EE1A /* main.m */,
			);
			path = LevelStorage;
			sourceTree = "<group>";
		};
		559B66DA2254648B00B2EE1A /* LevelStorageTests */ = {
			isa = PBXGroup;
			children = (
				559B66DB2254648B00B2EE1A /* LevelStorageTests.m */,
				559B66DD2254648B00B2EE1A /* Info.plist */,
			);
			path = LevelStorageTests;
			sourceTree = "<group>";
		};
		559B66E52254648B00B2EE1A /* LevelStorageUITests */ = {
			isa = PBXGroup;
			children = (
				559B66E62254648B00B2EE1A /* LevelStorageUITests.m */,
				559B66E82254648B00B2EE1A /* Info.plist */,
			);
			path = LevelStorageUITests;
			sourceTree = "<group>";
		};
		559B66F42254652900B2EE1A /* LevelStorage */ = {
			isa = PBXGroup;
			children = (
				559B66F52254652900B2EE1A /* LevelKV+JSON.h */,
				559B66FD2254652900B2EE1A /* LevelKV+JSON.m */,
				559B66FE2254652900B2EE1A /* LevelStorage.h */,
				559B66F72254652900B2EE1A /* LevelStorage.m */,
				559B66F92254652900B2EE1A /* LevelKV.h */,
				559B66F82254652900B2EE1A /* LevelKV.mm */,
				559B66FC2254652900B2EE1A /* LevelDB.h */,
				559B66FA2254652900B2EE1A /* LevelDB.mm */,
				559B66FB2254652900B2EE1A /* LevelObject.h */,
				559B66F62254652900B2EE1A /* LevelObject.m */,
			);
			path = LevelStorage;
			sourceTree = "<group>";
		};
		559B6717225474AB00B2EE1A /* PBCoding */ = {
			isa = PBXGroup;
			children = (
				559B671F225474AB00B2EE1A /* PBCoderTypeTrait.h */,
				559B6721225474AB00B2EE1A /* PBCoder+PropertyTable.h */,
				559B671B225474AB00B2EE1A /* PBEncodeItem.h */,
				559B671C225474AB00B2EE1A /* WireFormat.h */,
				559B671D225474AB00B2EE1A /* PBCoder.h */,
				559B6718225474AB00B2EE1A /* PBCoder.mm */,
				559B671E225474AB00B2EE1A /* PBUtility.h */,
				559B6723225474AB00B2EE1A /* PBUtility.mm */,
				559B671A225474AB00B2EE1A /* CodedInputData.h */,
				559B6720225474AB00B2EE1A /* CodedInputData.mm */,
				559B6719225474AB00B2EE1A /* CodedOutputData.h */,
				559B6722225474AB00B2EE1A /* CodedOutputData.mm */,
			);
			path = PBCoding;
			sourceTree = "<group>";
		};
		E5618317C4DD182873BC4248 /* Frameworks */ = {
			isa = PBXGroup;
			children = (
				559B671522546FFF00B2EE1A /* libc++.tbd */,
				33077D3BF056B5E192488BED /* libPods-LevelStorage.a */,
			);
			name = Frameworks;
			sourceTree = "<group>";
		};
/* End PBXGroup section */

/* Begin PBXNativeTarget section */
		559B66BE2254648A00B2EE1A /* LevelStorage */ = {
			isa = PBXNativeTarget;
			buildConfigurationList = 559B66EB2254648B00B2EE1A /* Build configuration list for PBXNativeTarget "LevelStorage" */;
			buildPhases = (
				B444F436F8D3EC1BEAE427C2 /* [CP] Check Pods Manifest.lock */,
				559B66BB2254648A00B2EE1A /* Sources */,
				559B66BC2254648A00B2EE1A /* Frameworks */,
				559B66BD2254648A00B2EE1A /* Resources */,
			);
			buildRules = (
			);
			dependencies = (
			);
			name = LevelStorage;
			productName = LevelStorage;
			productReference = 559B66BF2254648A00B2EE1A /* LevelStorage.app */;
			productType = "com.apple.product-type.application";
		};
		559B66D62254648B00B2EE1A /* LevelStorageTests */ = {
			isa = PBXNativeTarget;
			buildConfigurationList = 559B66EE2254648B00B2EE1A /* Build configuration list for PBXNativeTarget "LevelStorageTests" */;
			buildPhases = (
				559B66D32254648B00B2EE1A /* Sources */,
				559B66D42254648B00B2EE1A /* Frameworks */,
				559B66D52254648B00B2EE1A /* Resources */,
			);
			buildRules = (
			);
			dependencies = (
				559B66D92254648B00B2EE1A /* PBXTargetDependency */,
			);
			name = LevelStorageTests;
			productName = LevelStorageTests;
			productReference = 559B66D72254648B00B2EE1A /* LevelStorageTests.xctest */;
			productType = "com.apple.product-type.bundle.unit-test";
		};
		559B66E12254648B00B2EE1A /* LevelStorageUITests */ = {
			isa = PBXNativeTarget;
			buildConfigurationList = 559B66F12254648B00B2EE1A /* Build configuration list for PBXNativeTarget "LevelStorageUITests" */;
			buildPhases = (
				559B66DE2254648B00B2EE1A /* Sources */,
				559B66DF2254648B00B2EE1A /* Frameworks */,
				559B66E02254648B00B2EE1A /* Resources */,
			);
			buildRules = (
			);
			dependencies = (
				559B66E42254648B00B2EE1A /* PBXTargetDependency */,
			);
			name = LevelStorageUITests;
			productName = LevelStorageUITests;
			productReference = 559B66E22254648B00B2EE1A /* LevelStorageUITests.xctest */;
			productType = "com.apple.product-type.bundle.ui-testing";
		};
/* End PBXNativeTarget section */

/* Begin PBXProject section */
		559B66B72254648A00B2EE1A /* Project object */ = {
			isa = PBXProject;
			attributes = {
				LastUpgradeCheck = 1020;
				ORGANIZATIONNAME = jasenhuang;
				TargetAttributes = {
					559B66BE2254648A00B2EE1A = {
						CreatedOnToolsVersion = 10.2;
					};
					559B66D62254648B00B2EE1A = {
						CreatedOnToolsVersion = 10.2;
						TestTargetID = 559B66BE2254648A00B2EE1A;
					};
					559B66E12254648B00B2EE1A = {
						CreatedOnToolsVersion = 10.2;
						TestTargetID = 559B66BE2254648A00B2EE1A;
					};
				};
			};
			buildConfigurationList = 559B66BA2254648A00B2EE1A /* Build configuration list for PBXProject "LevelStorage" */;
			compatibilityVersion = "Xcode 9.3";
			developmentRegion = en;
			hasScannedForEncodings = 0;
			knownRegions = (
				en,
				Base,
			);
			mainGroup = 559B66B62254648A00B2EE1A;
			productRefGroup = 559B66C02254648A00B2EE1A /* Products */;
			projectDirPath = "";
			projectRoot = "";
			targets = (
				559B66BE2254648A00B2EE1A /* LevelStorage */,
				559B66D62254648B00B2EE1A /* LevelStorageTests */,
				559B66E12254648B00B2EE1A /* LevelStorageUITests */,
			);
		};
/* End PBXProject section */

/* Begin PBXResourcesBuildPhase section */
		559B66BD2254648A00B2EE1A /* Resources */ = {
			isa = PBXResourcesBuildPhase;
			buildActionMask = 2147483647;
			files = (
				559B66CF2254648B00B2EE1A /* LaunchScreen.storyboard in Resources */,
				559B66CC2254648B00B2EE1A /* Assets.xcassets in Resources */,
				559B66CA2254648A00B2EE1A /* Main.storyboard in Resources */,
			);
			runOnlyForDeploymentPostprocessing = 0;
		};
		559B66D52254648B00B2EE1A /* Resources */ = {
			isa = PBXResourcesBuildPhase;
			buildActionMask = 2147483647;
			files = (
			);
			runOnlyForDeploymentPostprocessing = 0;
		};
		559B66E02254648B00B2EE1A /* Resources */ = {
			isa = PBXResourcesBuildPhase;
			buildActionMask = 2147483647;
			files = (
			);
			runOnlyForDeploymentPostprocessing = 0;
		};
/* End PBXResourcesBuildPhase section */

/* Begin PBXShellScriptBuildPhase section */
		B444F436F8D3EC1BEAE427C2 /* [CP] Check Pods Manifest.lock */ = {
			isa = PBXShellScriptBuildPhase;
			buildActionMask = 2147483647;
			files = (
			);
			inputFileListPaths = (
			);
			inputPaths = (
				"${PODS_PODFILE_DIR_PATH}/Podfile.lock",
				"${PODS_ROOT}/Manifest.lock",
			);
			name = "[CP] Check Pods Manifest.lock";
			outputFileListPaths = (
			);
			outputPaths = (
				"$(DERIVED_FILE_DIR)/Pods-LevelStorage-checkManifestLockResult.txt",
			);
			runOnlyForDeploymentPostprocessing = 0;
			shellPath = /bin/sh;
			shellScript = "diff \"${PODS_PODFILE_DIR_PATH}/Podfile.lock\" \"${PODS_ROOT}/Manifest.lock\" > /dev/null\nif [ $? != 0 ] ; then\n    # print error to STDERR\n    echo \"error: The sandbox is not in sync with the Podfile.lock. Run 'pod install' or update your CocoaPods installation.\" >&2\n    exit 1\nfi\n# This output is used by Xcode 'outputs' to avoid re-running this script phase.\necho \"SUCCESS\" > \"${SCRIPT_OUTPUT_FILE_0}\"\n";
			showEnvVarsInLog = 0;
		};
/* End PBXShellScriptBuildPhase section */

/* Begin PBXSourcesBuildPhase section */
		559B66BB2254648A00B2EE1A /* Sources */ = {
			isa = PBXSourcesBuildPhase;
			buildActionMask = 2147483647;
			files = (
				559B6725225474AB00B2EE1A /* CodedInputData.mm in Sources */,
				559B67022254652900B2EE1A /* LevelDB.mm in Sources */,
				559B6727225474AB00B2EE1A /* PBUtility.mm in Sources */,
				559B66C72254648A00B2EE1A /* ViewController.m in Sources */,
				559B66D22254648B00B2EE1A /* main.m in Sources */,
				559B6726225474AB00B2EE1A /* CodedOutputData.mm in Sources */,
				559B67002254652900B2EE1A /* LevelStorage.m in Sources */,
				559B67012254652900B2EE1A /* LevelKV.mm in Sources */,
				559B66C42254648A00B2EE1A /* AppDelegate.m in Sources */,
				559B6724225474AB00B2EE1A /* PBCoder.mm in Sources */,
				559B66FF2254652900B2EE1A /* LevelObject.m in Sources */,
				559B67032254652900B2EE1A /* LevelKV+JSON.m in Sources */,
			);
			runOnlyForDeploymentPostprocessing = 0;
		};
		559B66D32254648B00B2EE1A /* Sources */ = {
			isa = PBXSourcesBuildPhase;
			buildActionMask = 2147483647;
			files = (
				559B66DC2254648B00B2EE1A /* LevelStorageTests.m in Sources */,
			);
			runOnlyForDeploymentPostprocessing = 0;
		};
		559B66DE2254648B00B2EE1A /* Sources */ = {
			isa = PBXSourcesBuildPhase;
			buildActionMask = 2147483647;
			files = (
				559B66E72254648B00B2EE1A /* LevelStorageUITests.m in Sources */,
			);
			runOnlyForDeploymentPostprocessing = 0;
		};
/* End PBXSourcesBuildPhase section */

/* Begin PBXTargetDependency section */
		559B66D92254648B00B2EE1A /* PBXTargetDependency */ = {
			isa = PBXTargetDependency;
			target = 559B66BE2254648A00B2EE1A /* LevelStorage */;
			targetProxy = 559B66D82254648B00B2EE1A /* PBXContainerItemProxy */;
		};
		559B66E42254648B00B2EE1A /* PBXTargetDependency */ = {
			isa = PBXTargetDependency;
			target = 559B66BE2254648A00B2EE1A /* LevelStorage */;
			targetProxy = 559B66E32254648B00B2EE1A /* PBXContainerItemProxy */;
		};
/* End PBXTargetDependency section */

/* Begin PBXVariantGroup section */
		559B66C82254648A00B2EE1A /* Main.storyboard */ = {
			isa = PBXVariantGroup;
			children = (
				559B66C92254648A00B2EE1A /* Base */,
			);
			name = Main.storyboard;
			sourceTree = "<group>";
		};
		559B66CD2254648B00B2EE1A /* LaunchScreen.storyboard */ = {
			isa = PBXVariantGroup;
			children = (
				559B66CE2254648B00B2EE1A /* Base */,
			);
			name = LaunchScreen.storyboard;
			sourceTree = "<group>";
		};
/* End PBXVariantGroup section */

/* Begin XCBuildConfiguration section */
		559B66E92254648B00B2EE1A /* Debug */ = {
			isa = XCBuildConfiguration;
			buildSettings = {
				ALWAYS_SEARCH_USER_PATHS = NO;
				CLANG_ANALYZER_NONNULL = YES;
				CLANG_ANALYZER_NUMBER_OBJECT_CONVERSION = YES_AGGRESSIVE;
				CLANG_CXX_LANGUAGE_STANDARD = "gnu++14";
				CLANG_CXX_LIBRARY = "libc++";
				CLANG_ENABLE_MODULES = YES;
				CLANG_ENABLE_OBJC_ARC = YES;
				CLANG_ENABLE_OBJC_WEAK = YES;
				CLANG_WARN_BLOCK_CAPTURE_AUTORELEASING = YES;
				CLANG_WARN_BOOL_CONVERSION = YES;
				CLANG_WARN_COMMA = YES;
				CLANG_WARN_CONSTANT_CONVERSION = YES;
				CLANG_WARN_DEPRECATED_OBJC_IMPLEMENTATIONS = YES;
				CLANG_WARN_DIRECT_OBJC_ISA_USAGE = YES_ERROR;
				CLANG_WARN_DOCUMENTATION_COMMENTS = YES;
				CLANG_WARN_EMPTY_BODY = YES;
				CLANG_WARN_ENUM_CONVERSION = YES;
				CLANG_WARN_INFINITE_RECURSION = YES;
				CLANG_WARN_INT_CONVERSION = YES;
				CLANG_WARN_NON_LITERAL_NULL_CONVERSION = YES;
				CLANG_WARN_OBJC_IMPLICIT_RETAIN_SELF = YES;
				CLANG_WARN_OBJC_LITERAL_CONVERSION = YES;
				CLANG_WARN_OBJC_ROOT_CLASS = YES_ERROR;
				CLANG_WARN_RANGE_LOOP_ANALYSIS = YES;
				CLANG_WARN_STRICT_PROTOTYPES = YES;
				CLANG_WARN_SUSPICIOUS_MOVE = YES;
				CLANG_WARN_UNGUARDED_AVAILABILITY = YES_AGGRESSIVE;
				CLANG_WARN_UNREACHABLE_CODE = YES;
				CLANG_WARN__DUPLICATE_METHOD_MATCH = YES;
				CODE_SIGN_IDENTITY = "iPhone Developer";
				COPY_PHASE_STRIP = NO;
				DEBUG_INFORMATION_FORMAT = dwarf;
				ENABLE_STRICT_OBJC_MSGSEND = YES;
				ENABLE_TESTABILITY = YES;
				GCC_C_LANGUAGE_STANDARD = gnu11;
				GCC_DYNAMIC_NO_PIC = NO;
				GCC_NO_COMMON_BLOCKS = YES;
				GCC_OPTIMIZATION_LEVEL = 0;
				GCC_PREPROCESSOR_DEFINITIONS = (
					"DEBUG=1",
					"$(inherited)",
				);
				GCC_WARN_64_TO_32_BIT_CONVERSION = YES;
				GCC_WARN_ABOUT_RETURN_TYPE = YES_ERROR;
				GCC_WARN_UNDECLARED_SELECTOR = YES;
				GCC_WARN_UNINITIALIZED_AUTOS = YES_AGGRESSIVE;
				GCC_WARN_UNUSED_FUNCTION = YES;
				GCC_WARN_UNUSED_VARIABLE = YES;
				IPHONEOS_DEPLOYMENT_TARGET = 12.2;
				MTL_ENABLE_DEBUG_INFO = INCLUDE_SOURCE;
				MTL_FAST_MATH = YES;
				ONLY_ACTIVE_ARCH = YES;
				SDKROOT = iphoneos;
			};
			name = Debug;
		};
		559B66EA2254648B00B2EE1A /* Release */ = {
			isa = XCBuildConfiguration;
			buildSettings = {
				ALWAYS_SEARCH_USER_PATHS = NO;
				CLANG_ANALYZER_NONNULL = YES;
				CLANG_ANALYZER_NUMBER_OBJECT_CONVERSION = YES_AGGRESSIVE;
				CLANG_CXX_LANGUAGE_STANDARD = "gnu++14";
				CLANG_CXX_LIBRARY = "libc++";
				CLANG_ENABLE_MODULES = YES;
				CLANG_ENABLE_OBJC_ARC = YES;
				CLANG_ENABLE_OBJC_WEAK = YES;
				CLANG_WARN_BLOCK_CAPTURE_AUTORELEASING = YES;
				CLANG_WARN_BOOL_CONVERSION = YES;
				CLANG_WARN_COMMA = YES;
				CLANG_WARN_CONSTANT_CONVERSION = YES;
				CLANG_WARN_DEPRECATED_OBJC_IMPLEMENTATIONS = YES;
				CLANG_WARN_DIRECT_OBJC_ISA_USAGE = YES_ERROR;
				CLANG_WARN_DOCUMENTATION_COMMENTS = YES;
				CLANG_WARN_EMPTY_BODY = YES;
				CLANG_WARN_ENUM_CONVERSION = YES;
				CLANG_WARN_INFINITE_RECURSION = YES;
				CLANG_WARN_INT_CONVERSION = YES;
				CLANG_WARN_NON_LITERAL_NULL_CONVERSION = YES;
				CLANG_WARN_OBJC_IMPLICIT_RETAIN_SELF = YES;
				CLANG_WARN_OBJC_LITERAL_CONVERSION = YES;
				CLANG_WARN_OBJC_ROOT_CLASS = YES_ERROR;
				CLANG_WARN_RANGE_LOOP_ANALYSIS = YES;
				CLANG_WARN_STRICT_PROTOTYPES = YES;
				CLANG_WARN_SUSPICIOUS_MOVE = YES;
				CLANG_WARN_UNGUARDED_AVAILABILITY = YES_AGGRESSIVE;
				CLANG_WARN_UNREACHABLE_CODE = YES;
				CLANG_WARN__DUPLICATE_METHOD_MATCH = YES;
				CODE_SIGN_IDENTITY = "iPhone Developer";
				COPY_PHASE_STRIP = NO;
				DEBUG_INFORMATION_FORMAT = "dwarf-with-dsym";
				ENABLE_NS_ASSERTIONS = NO;
				ENABLE_STRICT_OBJC_MSGSEND = YES;
				GCC_C_LANGUAGE_STANDARD = gnu11;
				GCC_NO_COMMON_BLOCKS = YES;
				GCC_WARN_64_TO_32_BIT_CONVERSION = YES;
				GCC_WARN_ABOUT_RETURN_TYPE = YES_ERROR;
				GCC_WARN_UNDECLARED_SELECTOR = YES;
				GCC_WARN_UNINITIALIZED_AUTOS = YES_AGGRESSIVE;
				GCC_WARN_UNUSED_FUNCTION = YES;
				GCC_WARN_UNUSED_VARIABLE = YES;
				IPHONEOS_DEPLOYMENT_TARGET = 12.2;
				MTL_ENABLE_DEBUG_INFO = NO;
				MTL_FAST_MATH = YES;
				SDKROOT = iphoneos;
				VALIDATE_PRODUCT = YES;
			};
			name = Release;
		};
		559B66EC2254648B00B2EE1A /* Debug */ = {
			isa = XCBuildConfiguration;
			baseConfigurationReference = 62844E3B76A9E23FDE214A96 /* Pods-LevelStorage.debug.xcconfig */;
			buildSettings = {
				ASSETCATALOG_COMPILER_APPICON_NAME = AppIcon;
				CLANG_CXX_LANGUAGE_STANDARD = "gnu++14";
				CLANG_CXX_LIBRARY = "libc++";
				CODE_SIGN_STYLE = Automatic;
				DEVELOPMENT_TEAM = P936DZCERV;
				INFOPLIST_FILE = LevelStorage/Info.plist;
				LD_RUNPATH_SEARCH_PATHS = (
					"$(inherited)",
					"@executable_path/Frameworks",
				);
				PRODUCT_BUNDLE_IDENTIFIER = com.tencent.LevelStorage;
				PRODUCT_NAME = "$(TARGET_NAME)";
				TARGETED_DEVICE_FAMILY = "1,2";
				VALID_ARCHS = "arm64 armv7 armv7s";
			};
			name = Debug;
		};
		559B66ED2254648B00B2EE1A /* Release */ = {
			isa = XCBuildConfiguration;
			baseConfigurationReference = F9E32FC63FD7A18F4FB9802E /* Pods-LevelStorage.release.xcconfig */;
			buildSettings = {
				ASSETCATALOG_COMPILER_APPICON_NAME = AppIcon;
				CLANG_CXX_LANGUAGE_STANDARD = "gnu++14";
				CLANG_CXX_LIBRARY = "libc++";
				CODE_SIGN_STYLE = Automatic;
				DEVELOPMENT_TEAM = P936DZCERV;
				INFOPLIST_FILE = LevelStorage/Info.plist;
				LD_RUNPATH_SEARCH_PATHS = (
					"$(inherited)",
					"@executable_path/Frameworks",
				);
				PRODUCT_BUNDLE_IDENTIFIER = com.tencent.LevelStorage;
				PRODUCT_NAME = "$(TARGET_NAME)";
				TARGETED_DEVICE_FAMILY = "1,2";
				VALID_ARCHS = "arm64 armv7 armv7s";
			};
			name = Release;
		};
		559B66EF2254648B00B2EE1A /* Debug */ = {
			isa = XCBuildConfiguration;
			buildSettings = {
				BUNDLE_LOADER = "$(TEST_HOST)";
				CODE_SIGN_STYLE = Automatic;
				DEVELOPMENT_TEAM = P936DZCERV;
				INFOPLIST_FILE = LevelStorageTests/Info.plist;
				LD_RUNPATH_SEARCH_PATHS = (
					"$(inherited)",
					"@executable_path/Frameworks",
					"@loader_path/Frameworks",
				);
				PRODUCT_BUNDLE_IDENTIFIER = com.tencent.LevelStorageTests;
				PRODUCT_NAME = "$(TARGET_NAME)";
				TARGETED_DEVICE_FAMILY = "1,2";
				TEST_HOST = "$(BUILT_PRODUCTS_DIR)/LevelStorage.app/LevelStorage";
			};
			name = Debug;
		};
		559B66F02254648B00B2EE1A /* Release */ = {
			isa = XCBuildConfiguration;
			buildSettings = {
				BUNDLE_LOADER = "$(TEST_HOST)";
				CODE_SIGN_STYLE = Automatic;
				DEVELOPMENT_TEAM = P936DZCERV;
				INFOPLIST_FILE = LevelStorageTests/Info.plist;
				LD_RUNPATH_SEARCH_PATHS = (
					"$(inherited)",
					"@executable_path/Frameworks",
					"@loader_path/Frameworks",
				);
				PRODUCT_BUNDLE_IDENTIFIER = com.tencent.LevelStorageTests;
				PRODUCT_NAME = "$(TARGET_NAME)";
				TARGETED_DEVICE_FAMILY = "1,2";
				TEST_HOST = "$(BUILT_PRODUCTS_DIR)/LevelStorage.app/LevelStorage";
			};
			name = Release;
		};
		559B66F22254648B00B2EE1A /* Debug */ = {
			isa = XCBuildConfiguration;
			buildSettings = {
				CODE_SIGN_STYLE = Automatic;
				DEVELOPMENT_TEAM = P936DZCERV;
				INFOPLIST_FILE = LevelStorageUITests/Info.plist;
				LD_RUNPATH_SEARCH_PATHS = (
					"$(inherited)",
					"@executable_path/Frameworks",
					"@loader_path/Frameworks",
				);
				PRODUCT_BUNDLE_IDENTIFIER = com.tencent.LevelStorageUITests;
				PRODUCT_NAME = "$(TARGET_NAME)";
				TARGETED_DEVICE_FAMILY = "1,2";
				TEST_TARGET_NAME = LevelStorage;
			};
			name = Debug;
		};
		559B66F32254648B00B2EE1A /* Release */ = {
			isa = XCBuildConfiguration;
			buildSettings = {
				CODE_SIGN_STYLE = Automatic;
				DEVELOPMENT_TEAM = P936DZCERV;
				INFOPLIST_FILE = LevelStorageUITests/Info.plist;
				LD_RUNPATH_SEARCH_PATHS = (
					"$(inherited)",
					"@executable_path/Frameworks",
					"@loader_path/Frameworks",
				);
				PRODUCT_BUNDLE_IDENTIFIER = com.tencent.LevelStorageUITests;
				PRODUCT_NAME = "$(TARGET_NAME)";
				TARGETED_DEVICE_FAMILY = "1,2";
				TEST_TARGET_NAME = LevelStorage;
			};
			name = Release;
		};
/* End XCBuildConfiguration section */

/* Begin XCConfigurationList section */
		559B66BA2254648A00B2EE1A /* Build configuration list for PBXProject "LevelStorage" */ = {
			isa = XCConfigurationList;
			buildConfigurations = (
				559B66E92254648B00B2EE1A /* Debug */,
				559B66EA2254648B00B2EE1A /* Release */,
			);
			defaultConfigurationIsVisible = 0;
			defaultConfigurationName = Release;
		};
		559B66EB2254648B00B2EE1A /* Build configuration list for PBXNativeTarget "LevelStorage" */ = {
			isa = XCConfigurationList;
			buildConfigurations = (
				559B66EC2254648B00B2EE1A /* Debug */,
				559B66ED2254648B00B2EE1A /* Release */,
			);
			defaultConfigurationIsVisible = 0;
			defaultConfigurationName = Release;
		};
		559B66EE2254648B00B2EE1A /* Build configuration list for PBXNativeTarget "LevelStorageTests" */ = {
			isa = XCConfigurationList;
			buildConfigurations = (
				559B66EF2254648B00B2EE1A /* Debug */,
				559B66F02254648B00B2EE1A /* Release */,
			);
			defaultConfigurationIsVisible = 0;
			defaultConfigurationName = Release;
		};
		559B66F12254648B00B2EE1A /* Build configuration list for PBXNativeTarget "LevelStorageUITests" */ = {
			isa = XCConfigurationList;
			buildConfigurations = (
				559B66F22254648B00B2EE1A /* Debug */,
				559B66F32254648B00B2EE1A /* Release */,
			);
			defaultConfigurationIsVisible = 0;
			defaultConfigurationName = Release;
		};
/* End XCConfigurationList section */
	};
	rootObject = 559B66B72254648A00B2EE1A /* Project object */;
}
